{
  "name": "platforms",
  "version": "1.0.0",
  "lockfileVersion": 3,
  "requires": true,
  "packages": {
    "": {
      "name": "platforms",
      "version": "1.0.0",
      "license": "ISC",
      "dependencies": {
        "@unker/ajs": "^1.0.0"
      }
    },
    "node_modules/@unker/ajs": {
      "version": "1.0.0",
      "resolved": "https://npm.pkg.github.com/download/@unker/ajs/1.0.0/f96898ef58cd1f9c19fb67e965dd62c16134ccb5",
      "integrity": "sha512-xwsNhU6iyWs+szLcR3D5quQjkSz6XD4Los64owQ+Sb/D0XNcX2q0eg+4hLdFa7URsrEVe19ja1GQZHw0RbCqXw==",
      "license": "ISC"
    }
  }
}
